
Microsoft Visual Studio Solution File, Format Version 12.00
# Visual Studio Version 16
VisualStudioVersion = 16.0.31702.278
MinimumVisualStudioVersion = 10.0.40219.1
Project("{FAE04EC0-301F-11D3-BF4B-00C04F79EFBC}") = "pixel_paint", "pixel_paint\pixel_paint.csproj", "{63C7D26E-C05F-46FE-9B52-388B1AF843B4}"
EndProject
Global
	GlobalSection(SolutionConfigurationPlatforms) = preSolution
		Debug|Any CPU = Debug|Any CPU
		Release|Any CPU = Release|Any CPU
	EndGlobalSection
	GlobalSection(ProjectConfigurationPlatforms) = postSolution
		{63C7D26E-C05F-46FE-9B52-388B1AF843B4}.Debug|Any CPU.ActiveCfg = Debug|Any CPU
		{63C7D26E-C05F-46FE-9B52-388B1AF843B4}.Debug|Any CPU.Build.0 = Debug|Any CPU
		{63C7D26E-C05F-46FE-9B52-388B1AF843B4}.Release|Any CPU.ActiveCfg = Release|Any CPU
		{63C7D26E-C05F-46FE-9B52-388B1AF843B4}.Release|Any CPU.Build.0 = Release|Any CPU
	EndGlobalSection
	GlobalSection(SolutionProperties) = preSolution
		HideSolutionNode = FALSE
	EndGlobalSection
	GlobalSection(ExtensibilityGlobals) = postSolution
		SolutionGuid = {44CA899B-F2B7-453B-B453-60B1F249116E}
	EndGlobalSection
EndGlobal
